
Microsoft Visual Studio Solution File, Format Version 11.00
# Visual Studio 2010
Project("{FAE04EC0-301F-11D3-BF4B-00C04F79EFBC}") = "Modding assistant", "Modding assistant\Modding assistant.csproj", "{AE3F3777-BACE-4C19-8DDC-7A954B03B66D}"
EndProject
Global
	GlobalSection(SolutionConfigurationPlatforms) = preSolution
		Debug|Any CPU = Debug|Any CPU
		Release|Any CPU = Release|Any CPU
	EndGlobalSection
	GlobalSection(ProjectConfigurationPlatforms) = postSolution
		{AE3F3777-BACE-4C19-8DDC-7A954B03B66D}.Debug|Any CPU.ActiveCfg = Debug|Any CPU
		{AE3F3777-BACE-4C19-8DDC-7A954B03B66D}.Debug|Any CPU.Build.0 = Debug|Any CPU
		{AE3F3777-BACE-4C19-8DDC-7A954B03B66D}.Release|Any CPU.ActiveCfg = Release|Any CPU
		{AE3F3777-BACE-4C19-8DDC-7A954B03B66D}.Release|Any CPU.Build.0 = Release|Any CPU
	EndGlobalSection
	GlobalSection(SolutionProperties) = preSolution
		HideSolutionNode = FALSE
	EndGlobalSection
EndGlobal
